
Microsoft Visual Studio Solution File, Format Version 12.00
# Visual Studio Version 16
VisualStudioVersion = 16.0.30717.126
MinimumVisualStudioVersion = 10.0.40219.1
Project("{9A19103F-16F7-4668-BE54-9A1E7A4F7556}") = "FFDCLogger", "FFDCLogger\FFDCLogger.csproj", "{987559E6-53AD-4536-BAC3-151B773E9495}"
EndProject
Project("{FAE04EC0-301F-11D3-BF4B-00C04F79EFBC}") = "FFDCLogger.Test", "FFDCLogger.Test\FFDCLogger.Test.csproj", "{EC13DC3D-F436-45C0-8483-66C4F198CB6E}"
EndProject
Global
	GlobalSection(SolutionConfigurationPlatforms) = preSolution
		Debug|Any CPU = Debug|Any CPU
		Release|Any CPU = Release|Any CPU
	EndGlobalSection
	GlobalSection(ProjectConfigurationPlatforms) = postSolution
		{987559E6-53AD-4536-BAC3-151B773E9495}.Debug|Any CPU.ActiveCfg = Debug|Any CPU
		{987559E6-53AD-4536-BAC3-151B773E9495}.Debug|Any CPU.Build.0 = Debug|Any CPU
		{987559E6-53AD-4536-BAC3-151B773E9495}.Release|Any CPU.ActiveCfg = Release|Any CPU
		{987559E6-53AD-4536-BAC3-151B773E9495}.Release|Any CPU.Build.0 = Release|Any CPU
		{EC13DC3D-F436-45C0-8483-66C4F198CB6E}.Debug|Any CPU.ActiveCfg = Debug|Any CPU
		{EC13DC3D-F436-45C0-8483-66C4F198CB6E}.Debug|Any CPU.Build.0 = Debug|Any CPU
		{EC13DC3D-F436-45C0-8483-66C4F198CB6E}.Release|Any CPU.ActiveCfg = Release|Any CPU
		{EC13DC3D-F436-45C0-8483-66C4F198CB6E}.Release|Any CPU.Build.0 = Release|Any CPU
	EndGlobalSection
	GlobalSection(SolutionProperties) = preSolution
		HideSolutionNode = FALSE
	EndGlobalSection
	GlobalSection(ExtensibilityGlobals) = postSolution
		SolutionGuid = {1C2BED0A-22A4-48FC-86AA-DE49ACF71AB1}
	EndGlobalSection
EndGlobal
